// !$*UTF8*$!
{
	archiveVersion = 1;
	classes = {
	};
	objectVersion = 46;
	objects = {

/* Begin PBXBuildFile section */
		2791BC5319ACBE590019AFFD /* AppDelegate.swift in Sources */ = {isa = PBXBuildFile; fileRef = 2791BC5219ACBE590019AFFD /* AppDelegate.swift */; };
		2791BC5819ACBE590019AFFD /* Main.storyboard in Resources */ = {isa = PBXBuildFile; fileRef = 2791BC5619ACBE590019AFFD /* Main.storyboard */; };
		2791BC5A19ACBE590019AFFD /* Images.xcassets in Resources */ = {isa = PBXBuildFile; fileRef = 2791BC5919ACBE590019AFFD /* Images.xcassets */; };
		2791BC6619ACBE590019AFFD /* Swiftly_ParseTests.swift in Sources */ = {isa = PBXBuildFile; fileRef = 2791BC6519ACBE590019AFFD /* Swiftly_ParseTests.swift */; };
		2791BC7619ACC1100019AFFD /* Bolts.framework in Frameworks */ = {isa = PBXBuildFile; fileRef = 2791BC7319ACC1100019AFFD /* Bolts.framework */; };
		2791BC7719ACC1100019AFFD /* Parse.framework in Frameworks */ = {isa = PBXBuildFile; fileRef = 2791BC7419ACC1100019AFFD /* Parse.framework */; };
		2791BC7819ACC1100019AFFD /* ParseFacebookUtils.framework in Frameworks */ = {isa = PBXBuildFile; fileRef = 2791BC7519ACC1100019AFFD /* ParseFacebookUtils.framework */; };
		2791BC7A19ACC1290019AFFD /* SystemConfiguration.framework in Frameworks */ = {isa = PBXBuildFile; fileRef = 2791BC7919ACC1290019AFFD /* SystemConfiguration.framework */; };
		2791BC7C19ACC1330019AFFD /* StoreKit.framework in Frameworks */ = {isa = PBXBuildFile; fileRef = 2791BC7B19ACC1330019AFFD /* StoreKit.framework */; };
		2791BC7E19ACC13D0019AFFD /* Security.framework in Frameworks */ = {isa = PBXBuildFile; fileRef = 2791BC7D19ACC13D0019AFFD /* Security.framework */; };
		2791BC8019ACC1450019AFFD /* QuartzCore.framework in Frameworks */ = {isa = PBXBuildFile; fileRef = 2791BC7F19ACC1450019AFFD /* QuartzCore.framework */; };
		2791BC8219ACC14F0019AFFD /* MobileCoreServices.framework in Frameworks */ = {isa = PBXBuildFile; fileRef = 2791BC8119ACC14F0019AFFD /* MobileCoreServices.framework */; };
		2791BC8419ACC1620019AFFD /* libz.dylib in Frameworks */ = {isa = PBXBuildFile; fileRef = 2791BC8319ACC1620019AFFD /* libz.dylib */; };
		2791BC8619ACC16E0019AFFD /* CoreLocation.framework in Frameworks */ = {isa = PBXBuildFile; fileRef = 2791BC8519ACC16E0019AFFD /* CoreLocation.framework */; };
		2791BC8819ACC1780019AFFD /* CoreGraphics.framework in Frameworks */ = {isa = PBXBuildFile; fileRef = 2791BC8719ACC1780019AFFD /* CoreGraphics.framework */; };
		2791BC8A19ACC1810019AFFD /* CFNetwork.framework in Frameworks */ = {isa = PBXBuildFile; fileRef = 2791BC8919ACC1810019AFFD /* CFNetwork.framework */; };
		2791BC8C19ACC1990019AFFD /* AudioToolbox.framework in Frameworks */ = {isa = PBXBuildFile; fileRef = 2791BC8B19ACC1990019AFFD /* AudioToolbox.framework */; };
		2791BC9019ACCA4E0019AFFD /* FacesTVC.swift in Sources */ = {isa = PBXBuildFile; fileRef = 2791BC8F19ACCA4E0019AFFD /* FacesTVC.swift */; };
		2791BC9219ACCB1C0019AFFD /* FaceCell.swift in Sources */ = {isa = PBXBuildFile; fileRef = 2791BC9119ACCB1C0019AFFD /* FaceCell.swift */; };
		2791BC9D19ACD2160019AFFD /* IWAViewController.m in Sources */ = {isa = PBXBuildFile; fileRef = 2791BC9819ACD2160019AFFD /* IWAViewController.m */; };
		2791BC9E19ACD2160019AFFD /* IWAFilterViewController.m in Sources */ = {isa = PBXBuildFile; fileRef = 2791BC9A19ACD2160019AFFD /* IWAFilterViewController.m */; };
		2791BCA519AD210D0019AFFD /* IWAChosenFilterViewController.m in Sources */ = {isa = PBXBuildFile; fileRef = 2791BCA419AD210D0019AFFD /* IWAChosenFilterViewController.m */; };
/* End PBXBuildFile section */

/* Begin PBXContainerItemProxy section */
		2791BC6019ACBE590019AFFD /* PBXContainerItemProxy */ = {
			isa = PBXContainerItemProxy;
			containerPortal = 2791BC4519ACBE590019AFFD /* Project object */;
			proxyType = 1;
			remoteGlobalIDString = 2791BC4C19ACBE590019AFFD;
			remoteInfo = "Swiftly Parse";
		};
/* End PBXContainerItemProxy section */

/* Begin PBXFileReference section */
		2791BC4D19ACBE590019AFFD /* Swiftly Parse.app */ = {isa = PBXFileReference; explicitFileType = wrapper.application; includeInIndex = 0; path = "Swiftly Parse.app"; sourceTree = BUILT_PRODUCTS_DIR; };
		2791BC5119ACBE590019AFFD /* Info.plist */ = {isa = PBXFileReference; lastKnownFileType = text.plist.xml; path = Info.plist; sourceTree = "<group>"; };
		2791BC5219ACBE590019AFFD /* AppDelegate.swift */ = {isa = PBXFileReference; lastKnownFileType = sourcecode.swift; path = AppDelegate.swift; sourceTree = "<group>"; };
		2791BC5719ACBE590019AFFD /* Base */ = {isa = PBXFileReference; lastKnownFileType = file.storyboard; name = Base; path = Base.lproj/Main.storyboard; sourceTree = "<group>"; };
		2791BC5919ACBE590019AFFD /* Images.xcassets */ = {isa = PBXFileReference; lastKnownFileType = folder.assetcatalog; path = Images.xcassets; sourceTree = "<group>"; };
		2791BC5F19ACBE590019AFFD /* Swiftly ParseTests.xctest */ = {isa = PBXFileReference; explicitFileType = wrapper.cfbundle; includeInIndex = 0; path = "Swiftly ParseTests.xctest"; sourceTree = BUILT_PRODUCTS_DIR; };
		2791BC6419ACBE590019AFFD /* Info.plist */ = {isa = PBXFileReference; lastKnownFileType = text.plist.xml; path = Info.plist; sourceTree = "<group>"; };
		2791BC6519ACBE590019AFFD /* Swiftly_ParseTests.swift */ = {isa = PBXFileReference; lastKnownFileType = sourcecode.swift; path = Swiftly_ParseTests.swift; sourceTree = "<group>"; };
		2791BC6F19ACBF220019AFFD /* Swiftly Parse-Bridging-Header.h */ = {isa = PBXFileReference; lastKnownFileType = sourcecode.c.h; path = "Swiftly Parse-Bridging-Header.h"; sourceTree = "<group>"; };
		2791BC7319ACC1100019AFFD /* Bolts.framework */ = {isa = PBXFileReference; lastKnownFileType = wrapper.framework; path = Bolts.framework; sourceTree = "<group>"; };
		2791BC7419ACC1100019AFFD /* Parse.framework */ = {isa = PBXFileReference; lastKnownFileType = wrapper.framework; path = Parse.framework; sourceTree = "<group>"; };
		2791BC7519ACC1100019AFFD /* ParseFacebookUtils.framework */ = {isa = PBXFileReference; lastKnownFileType = wrapper.framework; path = ParseFacebookUtils.framework; sourceTree = "<group>"; };
		2791BC7919ACC1290019AFFD /* SystemConfiguration.framework */ = {isa = PBXFileReference; lastKnownFileType = wrapper.framework; name = SystemConfiguration.framework; path = System/Library/Frameworks/SystemConfiguration.framework; sourceTree = SDKROOT; };
		2791BC7B19ACC1330019AFFD /* StoreKit.framework */ = {isa = PBXFileReference; lastKnownFileType = wrapper.framework; name = StoreKit.framework; path = System/Library/Frameworks/StoreKit.framework; sourceTree = SDKROOT; };
		2791BC7D19ACC13D0019AFFD /* Security.framework */ = {isa = PBXFileReference; lastKnownFileType = wrapper.framework; name = Security.framework; path = System/Library/Frameworks/Security.framework; sourceTree = SDKROOT; };
		2791BC7F19ACC1450019AFFD /* QuartzCore.framework */ = {isa = PBXFileReference; lastKnownFileType = wrapper.framework; name = QuartzCore.framework; path = System/Library/Frameworks/QuartzCore.framework; sourceTree = SDKROOT; };
		2791BC8119ACC14F0019AFFD /* MobileCoreServices.framework */ = {isa = PBXFileReference; lastKnownFileType = wrapper.framework; name = MobileCoreServices.framework; path = System/Library/Frameworks/MobileCoreServices.framework; sourceTree = SDKROOT; };
		2791BC8319ACC1620019AFFD /* libz.dylib */ = {isa = PBXFileReference; lastKnownFileType = "compiled.mach-o.dylib"; name = libz.dylib; path = usr/lib/libz.dylib; sourceTree = SDKROOT; };
		2791BC8519ACC16E0019AFFD /* CoreLocation.framework */ = {isa = PBXFileReference; lastKnownFileType = wrapper.framework; name = CoreLocation.framework; path = System/Library/Frameworks/CoreLocation.framework; sourceTree = SDKROOT; };
		2791BC8719ACC1780019AFFD /* CoreGraphics.framework */ = {isa = PBXFileReference; lastKnownFileType = wrapper.framework; name = CoreGraphics.framework; path = System/Library/Frameworks/CoreGraphics.framework; sourceTree = SDKROOT; };
		2791BC8919ACC1810019AFFD /* CFNetwork.framework */ = {isa = PBXFileReference; lastKnownFileType = wrapper.framework; name = CFNetwork.framework; path = System/Library/Frameworks/CFNetwork.framework; sourceTree = SDKROOT; };
		2791BC8B19ACC1990019AFFD /* AudioToolbox.framework */ = {isa = PBXFileReference; lastKnownFileType = wrapper.framework; name = AudioToolbox.framework; path = System/Library/Frameworks/AudioToolbox.framework; sourceTree = SDKROOT; };
		2791BC8F19ACCA4E0019AFFD /* FacesTVC.swift */ = {isa = PBXFileReference; fileEncoding = 4; lastKnownFileType = sourcecode.swift; path = FacesTVC.swift; sourceTree = "<group>"; };
		2791BC9119ACCB1C0019AFFD /* FaceCell.swift */ = {isa = PBXFileReference; fileEncoding = 4; lastKnownFileType = sourcecode.swift; path = FaceCell.swift; sourceTree = "<group>"; };
		2791BC9719ACD2160019AFFD /* IWAViewController.h */ = {isa = PBXFileReference; fileEncoding = 4; lastKnownFileType = sourcecode.c.h; name = IWAViewController.h; path = "../../Instawhat?/Instawhat?/IWAViewController.h"; sourceTree = "<group>"; };
		2791BC9819ACD2160019AFFD /* IWAViewController.m */ = {isa = PBXFileReference; fileEncoding = 4; lastKnownFileType = sourcecode.c.objc; name = IWAViewController.m; path = "../../Instawhat?/Instawhat?/IWAViewController.m"; sourceTree = "<group>"; };
		2791BC9919ACD2160019AFFD /* IWAFilterViewController.h */ = {isa = PBXFileReference; fileEncoding = 4; lastKnownFileType = sourcecode.c.h; name = IWAFilterViewController.h; path = "../../Instawhat?/Instawhat?/IWAFilterViewController.h"; sourceTree = "<group>"; };
		2791BC9A19ACD2160019AFFD /* IWAFilterViewController.m */ = {isa = PBXFileReference; fileEncoding = 4; lastKnownFileType = sourcecode.c.objc; name = IWAFilterViewController.m; path = "../../Instawhat?/Instawhat?/IWAFilterViewController.m"; sourceTree = "<group>"; };
		2791BCA319AD210D0019AFFD /* IWAChosenFilterViewController.h */ = {isa = PBXFileReference; fileEncoding = 4; lastKnownFileType = sourcecode.c.h; name = IWAChosenFilterViewController.h; path = "../../Instawhat?/Instawhat?/IWAChosenFilterViewController.h"; sourceTree = "<group>"; };
		2791BCA419AD210D0019AFFD /* IWAChosenFilterViewController.m */ = {isa = PBXFileReference; fileEncoding = 4; lastKnownFileType = sourcecode.c.objc; name = IWAChosenFilterViewController.m; path = "../../Instawhat?/Instawhat?/IWAChosenFilterViewController.m"; sourceTree = "<group>"; };
/* End PBXFileReference section */

/* Begin PBXFrameworksBuildPhase section */
		2791BC4A19ACBE590019AFFD /* Frameworks */ = {
			isa = PBXFrameworksBuildPhase;
			buildActionMask = 2147483647;
			files = (
				2791BC8C19ACC1990019AFFD /* AudioToolbox.framework in Frameworks */,
				2791BC8A19ACC1810019AFFD /* CFNetwork.framework in Frameworks */,
				2791BC8819ACC1780019AFFD /* CoreGraphics.framework in Frameworks */,
				2791BC8619ACC16E0019AFFD /* CoreLocation.framework in Frameworks */,
				2791BC8419ACC1620019AFFD /* libz.dylib in Frameworks */,
				2791BC8219ACC14F0019AFFD /* MobileCoreServices.framework in Frameworks */,
				2791BC8019ACC1450019AFFD /* QuartzCore.framework in Frameworks */,
				2791BC7E19ACC13D0019AFFD /* Security.framework in Frameworks */,
				2791BC7C19ACC1330019AFFD /* StoreKit.framework in Frameworks */,
				2791BC7A19ACC1290019AFFD /* SystemConfiguration.framework in Frameworks */,
				2791BC7719ACC1100019AFFD /* Parse.framework in Frameworks */,
				2791BC7619ACC1100019AFFD /* Bolts.framework in Frameworks */,
				2791BC7819ACC1100019AFFD /* ParseFacebookUtils.framework in Frameworks */,
			);
			runOnlyForDeploymentPostprocessing = 0;
		};
		2791BC5C19ACBE590019AFFD /* Frameworks */ = {
			isa = PBXFrameworksBuildPhase;
			buildActionMask = 2147483647;
			files = (
			);
			runOnlyForDeploymentPostprocessing = 0;
		};
/* End PBXFrameworksBuildPhase section */

/* Begin PBXGroup section */
		2791BC4419ACBE590019AFFD = {
			isa = PBXGroup;
			children = (
				2791BC9319ACD14F0019AFFD /* ObjC */,
				2791BC4F19ACBE590019AFFD /* Swiftly Parse */,
				2791BC7219ACC0AE0019AFFD /* Frameworks */,
				2791BC6219ACBE590019AFFD /* Swiftly ParseTests */,
				2791BC4E19ACBE590019AFFD /* Products */,
			);
			sourceTree = "<group>";
		};
		2791BC4E19ACBE590019AFFD /* Products */ = {
			isa = PBXGroup;
			children = (
				2791BC4D19ACBE590019AFFD /* Swiftly Parse.app */,
				2791BC5F19ACBE590019AFFD /* Swiftly ParseTests.xctest */,
			);
			name = Products;
			sourceTree = "<group>";
		};
		2791BC4F19ACBE590019AFFD /* Swiftly Parse */ = {
			isa = PBXGroup;
			children = (
				2791BC8F19ACCA4E0019AFFD /* FacesTVC.swift */,
				2791BC9119ACCB1C0019AFFD /* FaceCell.swift */,
				2791BC5219ACBE590019AFFD /* AppDelegate.swift */,
				2791BC5619ACBE590019AFFD /* Main.storyboard */,
				2791BC5919ACBE590019AFFD /* Images.xcassets */,
				2791BC5019ACBE590019AFFD /* Supporting Files */,
				2791BC6F19ACBF220019AFFD /* Swiftly Parse-Bridging-Header.h */,
			);
			path = "Swiftly Parse";
			sourceTree = "<group>";
		};
		2791BC5019ACBE590019AFFD /* Supporting Files */ = {
			isa = PBXGroup;
			children = (
				2791BC5119ACBE590019AFFD /* Info.plist */,
			);
			name = "Supporting Files";
			sourceTree = "<group>";
		};
		2791BC6219ACBE590019AFFD /* Swiftly ParseTests */ = {
			isa = PBXGroup;
			children = (
				2791BC6519ACBE590019AFFD /* Swiftly_ParseTests.swift */,
				2791BC6319ACBE590019AFFD /* Supporting Files */,
			);
			path = "Swiftly ParseTests";
			sourceTree = "<group>";
		};
		2791BC6319ACBE590019AFFD /* Supporting Files */ = {
			isa = PBXGroup;
			children = (
				2791BC6419ACBE590019AFFD /* Info.plist */,
			);
			name = "Supporting Files";
			sourceTree = "<group>";
		};
		2791BC7219ACC0AE0019AFFD /* Frameworks */ = {
			isa = PBXGroup;
			children = (
				2791BC8B19ACC1990019AFFD /* AudioToolbox.framework */,
				2791BC8919ACC1810019AFFD /* CFNetwork.framework */,
				2791BC8719ACC1780019AFFD /* CoreGraphics.framework */,
				2791BC8519ACC16E0019AFFD /* CoreLocation.framework */,
				2791BC8319ACC1620019AFFD /* libz.dylib */,
				2791BC8119ACC14F0019AFFD /* MobileCoreServices.framework */,
				2791BC7F19ACC1450019AFFD /* QuartzCore.framework */,
				2791BC7D19ACC13D0019AFFD /* Security.framework */,
				2791BC7B19ACC1330019AFFD /* StoreKit.framework */,
				2791BC7919ACC1290019AFFD /* SystemConfiguration.framework */,
				2791BC7319ACC1100019AFFD /* Bolts.framework */,
				2791BC7419ACC1100019AFFD /* Parse.framework */,
				2791BC7519ACC1100019AFFD /* ParseFacebookUtils.framework */,
			);
			name = Frameworks;
			sourceTree = "<group>";
		};
		2791BC9319ACD14F0019AFFD /* ObjC */ = {
			isa = PBXGroup;
			children = (
				2791BC9719ACD2160019AFFD /* IWAViewController.h */,
				2791BC9819ACD2160019AFFD /* IWAViewController.m */,
				2791BC9919ACD2160019AFFD /* IWAFilterViewController.h */,
				2791BC9A19ACD2160019AFFD /* IWAFilterViewController.m */,
				2791BCA319AD210D0019AFFD /* IWAChosenFilterViewController.h */,
				2791BCA419AD210D0019AFFD /* IWAChosenFilterViewController.m */,
			);
			name = ObjC;
			path = "Swiftly Parse";
			sourceTree = "<group>";
		};
/* End PBXGroup section */

/* Begin PBXNativeTarget section */
		2791BC4C19ACBE590019AFFD /* Swiftly Parse */ = {
			isa = PBXNativeTarget;
			buildConfigurationList = 2791BC6919ACBE590019AFFD /* Build configuration list for PBXNativeTarget "Swiftly Parse" */;
			buildPhases = (
				2791BC4919ACBE590019AFFD /* Sources */,
				2791BC4A19ACBE590019AFFD /* Frameworks */,
				2791BC4B19ACBE590019AFFD /* Resources */,
			);
			buildRules = (
			);
			dependencies = (
			);
			name = "Swiftly Parse";
			productName = "Swiftly Parse";
			productReference = 2791BC4D19ACBE590019AFFD /* Swiftly Parse.app */;
			productType = "com.apple.product-type.application";
		};
		2791BC5E19ACBE590019AFFD /* Swiftly ParseTests */ = {
			isa = PBXNativeTarget;
			buildConfigurationList = 2791BC6C19ACBE590019AFFD /* Build configuration list for PBXNativeTarget "Swiftly ParseTests" */;
			buildPhases = (
				2791BC5B19ACBE590019AFFD /* Sources */,
				2791BC5C19ACBE590019AFFD /* Frameworks */,
				2791BC5D19ACBE590019AFFD /* Resources */,
			);
			buildRules = (
			);
			dependencies = (
				2791BC6119ACBE590019AFFD /* PBXTargetDependency */,
			);
			name = "Swiftly ParseTests";
			productName = "Swiftly ParseTests";
			productReference = 2791BC5F19ACBE590019AFFD /* Swiftly ParseTests.xctest */;
			productType = "com.apple.product-type.bundle.unit-test";
		};
/* End PBXNativeTarget section */

/* Begin PBXProject section */
		2791BC4519ACBE590019AFFD /* Project object */ = {
			isa = PBXProject;
			attributes = {
				LastUpgradeCheck = 0600;
				ORGANIZATIONNAME = "Katlyn Schwaebe";
				TargetAttributes = {
					2791BC4C19ACBE590019AFFD = {
						CreatedOnToolsVersion = 6.0;
					};
					2791BC5E19ACBE590019AFFD = {
						CreatedOnToolsVersion = 6.0;
						TestTargetID = 2791BC4C19ACBE590019AFFD;
					};
				};
			};
			buildConfigurationList = 2791BC4819ACBE590019AFFD /* Build configuration list for PBXProject "Swiftly Parse" */;
			compatibilityVersion = "Xcode 3.2";
			developmentRegion = English;
			hasScannedForEncodings = 0;
			knownRegions = (
				en,
				Base,
			);
			mainGroup = 2791BC4419ACBE590019AFFD;
			productRefGroup = 2791BC4E19ACBE590019AFFD /* Products */;
			projectDirPath = "";
			projectRoot = "";
			targets = (
				2791BC4C19ACBE590019AFFD /* Swiftly Parse */,
				2791BC5E19ACBE590019AFFD /* Swiftly ParseTests */,
			);
		};
/* End PBXProject section */

/* Begin PBXResourcesBuildPhase section */
		2791BC4B19ACBE590019AFFD /* Resources */ = {
			isa = PBXResourcesBuildPhase;
			buildActionMask = 2147483647;
			files = (
				2791BC5819ACBE590019AFFD /* Main.storyboard in Resources */,
				2791BC5A19ACBE590019AFFD /* Images.xcassets in Resources */,
			);
			runOnlyForDeploymentPostprocessing = 0;
		};
		2791BC5D19ACBE590019AFFD /* Resources */ = {
			isa = PBXResourcesBuildPhase;
			buildActionMask = 2147483647;
			files = (
			);
			runOnlyForDeploymentPostprocessing = 0;
		};
/* End PBXResourcesBuildPhase section */

/* Begin PBXSourcesBuildPhase section */
		2791BC4919ACBE590019AFFD /* Sources */ = {
			isa = PBXSourcesBuildPhase;
			buildActionMask = 2147483647;
			files = (
				2791BC9219ACCB1C0019AFFD /* FaceCell.swift in Sources */,
				2791BC9019ACCA4E0019AFFD /* FacesTVC.swift in Sources */,
				2791BC9E19ACD2160019AFFD /* IWAFilterViewController.m in Sources */,
				2791BC9D19ACD2160019AFFD /* IWAViewController.m in Sources */,
				2791BCA519AD210D0019AFFD /* IWAChosenFilterViewController.m in Sources */,
				2791BC5319ACBE590019AFFD /* AppDelegate.swift in Sources */,
			);
			runOnlyForDeploymentPostprocessing = 0;
		};
		2791BC5B19ACBE590019AFFD /* Sources */ = {
			isa = PBXSourcesBuildPhase;
			buildActionMask = 2147483647;
			files = (
				2791BC6619ACBE590019AFFD /* Swiftly_ParseTests.swift in Sources */,
			);
			runOnlyForDeploymentPostprocessing = 0;
		};
/* End PBXSourcesBuildPhase section */

/* Begin PBXTargetDependency section */
		2791BC6119ACBE590019AFFD /* PBXTargetDependency */ = {
			isa = PBXTargetDependency;
			target = 2791BC4C19ACBE590019AFFD /* Swiftly Parse */;
			targetProxy = 2791BC6019ACBE590019AFFD /* PBXContainerItemProxy */;
		};
/* End PBXTargetDependency section */

/* Begin PBXVariantGroup section */
		2791BC5619ACBE590019AFFD /* Main.storyboard */ = {
			isa = PBXVariantGroup;
			children = (
				2791BC5719ACBE590019AFFD /* Base */,
			);
			name = Main.storyboard;
			sourceTree = "<group>";
		};
/* End PBXVariantGroup section */

/* Begin XCBuildConfiguration section */
		2791BC6719ACBE590019AFFD /* Debug */ = {
			isa = XCBuildConfiguration;
			buildSettings = {
				ALWAYS_SEARCH_USER_PATHS = NO;
				CLANG_CXX_LANGUAGE_STANDARD = "gnu++0x";
				CLANG_CXX_LIBRARY = "libc++";
				CLANG_ENABLE_MODULES = YES;
				CLANG_ENABLE_OBJC_ARC = YES;
				CLANG_WARN_BOOL_CONVERSION = YES;
				CLANG_WARN_CONSTANT_CONVERSION = YES;
				CLANG_WARN_DIRECT_OBJC_ISA_USAGE = YES_ERROR;
				CLANG_WARN_EMPTY_BODY = YES;
				CLANG_WARN_ENUM_CONVERSION = YES;
				CLANG_WARN_INT_CONVERSION = YES;
				CLANG_WARN_OBJC_ROOT_CLASS = YES_ERROR;
				CLANG_WARN_UNREACHABLE_CODE = YES;
				CLANG_WARN__DUPLICATE_METHOD_MATCH = YES;
				"CODE_SIGN_IDENTITY[sdk=iphoneos*]" = "iPhone Developer";
				COPY_PHASE_STRIP = NO;
				ENABLE_STRICT_OBJC_MSGSEND = YES;
				GCC_C_LANGUAGE_STANDARD = gnu99;
				GCC_DYNAMIC_NO_PIC = NO;
				GCC_OPTIMIZATION_LEVEL = 0;
				GCC_PREPROCESSOR_DEFINITIONS = (
					"DEBUG=1",
					"$(inherited)",
				);
				GCC_SYMBOLS_PRIVATE_EXTERN = NO;
				GCC_WARN_64_TO_32_BIT_CONVERSION = YES;
				GCC_WARN_ABOUT_RETURN_TYPE = YES_ERROR;
				GCC_WARN_UNDECLARED_SELECTOR = YES;
				GCC_WARN_UNINITIALIZED_AUTOS = YES_AGGRESSIVE;
				GCC_WARN_UNUSED_FUNCTION = YES;
				GCC_WARN_UNUSED_VARIABLE = YES;
				IPHONEOS_DEPLOYMENT_TARGET = 8.0;
				MTL_ENABLE_DEBUG_INFO = YES;
				ONLY_ACTIVE_ARCH = YES;
				SDKROOT = iphoneos;
				SWIFT_OPTIMIZATION_LEVEL = "-Onone";
			};
			name = Debug;
		};
		2791BC6819ACBE590019AFFD /* Release */ = {
			isa = XCBuildConfiguration;
			buildSettings = {
				ALWAYS_SEARCH_USER_PATHS = NO;
				CLANG_CXX_LANGUAGE_STANDARD = "gnu++0x";
				CLANG_CXX_LIBRARY = "libc++";
				CLANG_ENABLE_MODULES = YES;
				CLANG_ENABLE_OBJC_ARC = YES;
				CLANG_WARN_BOOL_CONVERSION = YES;
				CLANG_WARN_CONSTANT_CONVERSION = YES;
				CLANG_WARN_DIRECT_OBJC_ISA_USAGE = YES_ERROR;
				CLANG_WARN_EMPTY_BODY = YES;
				CLANG_WARN_ENUM_CONVERSION = YES;
				CLANG_WARN_INT_CONVERSION = YES;
				CLANG_WARN_OBJC_ROOT_CLASS = YES_ERROR;
				CLANG_WARN_UNREACHABLE_CODE = YES;
				CLANG_WARN__DUPLICATE_METHOD_MATCH = YES;
				"CODE_SIGN_IDENTITY[sdk=iphoneos*]" = "iPhone Developer";
				COPY_PHASE_STRIP = YES;
				ENABLE_NS_ASSERTIONS = NO;
				ENABLE_STRICT_OBJC_MSGSEND = YES;
				GCC_C_LANGUAGE_STANDARD = gnu99;
				GCC_WARN_64_TO_32_BIT_CONVERSION = YES;
				GCC_WARN_ABOUT_RETURN_TYPE = YES_ERROR;
				GCC_WARN_UNDECLARED_SELECTOR = YES;
				GCC_WARN_UNINITIALIZED_AUTOS = YES_AGGRESSIVE;
				GCC_WARN_UNUSED_FUNCTION = YES;
				GCC_WARN_UNUSED_VARIABLE = YES;
				IPHONEOS_DEPLOYMENT_TARGET = 8.0;
				MTL_ENABLE_DEBUG_INFO = NO;
				SDKROOT = iphoneos;
				VALIDATE_PRODUCT = YES;
			};
			name = Release;
		};
		2791BC6A19ACBE590019AFFD /* Debug */ = {
			isa = XCBuildConfiguration;
			buildSettings = {
				ASSETCATALOG_COMPILER_APPICON_NAME = AppIcon;
				ASSETCATALOG_COMPILER_LAUNCHIMAGE_NAME = LaunchImage;
				CLANG_ENABLE_MODULES = YES;
				FRAMEWORK_SEARCH_PATHS = (
					"$(inherited)",
					"$(PROJECT_DIR)",
				);
				INFOPLIST_FILE = "Swiftly Parse/Info.plist";
				LD_RUNPATH_SEARCH_PATHS = "$(inherited) @executable_path/Frameworks";
				PRODUCT_NAME = "$(TARGET_NAME)";
				SWIFT_OBJC_BRIDGING_HEADER = "Swiftly Parse/Swiftly Parse-Bridging-Header.h";
				SWIFT_OPTIMIZATION_LEVEL = "-Onone";
			};
			name = Debug;
		};
		2791BC6B19ACBE590019AFFD /* Release */ = {
			isa = XCBuildConfiguration;
			buildSettings = {
				ASSETCATALOG_COMPILER_APPICON_NAME = AppIcon;
				ASSETCATALOG_COMPILER_LAUNCHIMAGE_NAME = LaunchImage;
				CLANG_ENABLE_MODULES = YES;
				FRAMEWORK_SEARCH_PATHS = (
					"$(inherited)",
					"$(PROJECT_DIR)",
				);
				INFOPLIST_FILE = "Swiftly Parse/Info.plist";
				LD_RUNPATH_SEARCH_PATHS = "$(inherited) @executable_path/Frameworks";
				PRODUCT_NAME = "$(TARGET_NAME)";
				SWIFT_OBJC_BRIDGING_HEADER = "Swiftly Parse/Swiftly Parse-Bridging-Header.h";
			};
			name = Release;
		};
		2791BC6D19ACBE590019AFFD /* Debug */ = {
			isa = XCBuildConfiguration;
			buildSettings = {
				BUNDLE_LOADER = "$(TEST_HOST)";
				FRAMEWORK_SEARCH_PATHS = (
					"$(SDKROOT)/Developer/Library/Frameworks",
					"$(inherited)",
				);
				GCC_PREPROCESSOR_DEFINITIONS = (
					"DEBUG=1",
					"$(inherited)",
				);
				INFOPLIST_FILE = "Swiftly ParseTests/Info.plist";
				LD_RUNPATH_SEARCH_PATHS = "$(inherited) @executable_path/Frameworks @loader_path/Frameworks";
				PRODUCT_NAME = "$(TARGET_NAME)";
				TEST_HOST = "$(BUILT_PRODUCTS_DIR)/Swiftly Parse.app/Swiftly Parse";
			};
			name = Debug;
		};
		2791BC6E19ACBE590019AFFD /* Release */ = {
			isa = XCBuildConfiguration;
			buildSettings = {
				BUNDLE_LOADER = "$(TEST_HOST)";
				FRAMEWORK_SEARCH_PATHS = (
					"$(SDKROOT)/Developer/Library/Frameworks",
					"$(inherited)",
				);
				INFOPLIST_FILE = "Swiftly ParseTests/Info.plist";
				LD_RUNPATH_SEARCH_PATHS = "$(inherited) @executable_path/Frameworks @loader_path/Frameworks";
				PRODUCT_NAME = "$(TARGET_NAME)";
				TEST_HOST = "$(BUILT_PRODUCTS_DIR)/Swiftly Parse.app/Swiftly Parse";
			};
			name = Release;
		};
/* End XCBuildConfiguration section */

/* Begin XCConfigurationList section */
		2791BC4819ACBE590019AFFD /* Build configuration list for PBXProject "Swiftly Parse" */ = {
			isa = XCConfigurationList;
			buildConfigurations = (
				2791BC6719ACBE590019AFFD /* Debug */,
				2791BC6819ACBE590019AFFD /* Release */,
			);
			defaultConfigurationIsVisible = 0;
			defaultConfigurationName = Release;
		};
		2791BC6919ACBE590019AFFD /* Build configuration list for PBXNativeTarget "Swiftly Parse" */ = {
			isa = XCConfigurationList;
			buildConfigurations = (
				2791BC6A19ACBE590019AFFD /* Debug */,
				2791BC6B19ACBE590019AFFD /* Release */,
			);
			defaultConfigurationIsVisible = 0;
		};
		2791BC6C19ACBE590019AFFD /* Build configuration list for PBXNativeTarget "Swiftly ParseTests" */ = {
			isa = XCConfigurationList;
			buildConfigurations = (
				2791BC6D19ACBE590019AFFD /* Debug */,
				2791BC6E19ACBE590019AFFD /* Release */,
			);
			defaultConfigurationIsVisible = 0;
		};
/* End XCConfigurationList section */
	};
	rootObject = 2791BC4519ACBE590019AFFD /* Project object */;
}
